
Microsoft Visual Studio Solution File, Format Version 12.00
# Visual Studio 14
VisualStudioVersion = 14.0.25420.1
MinimumVisualStudioVersion = 10.0.40219.1
Project("{FAE04EC0-301F-11D3-BF4B-00C04F79EFBC}") = "PR3 Segundita Torrico Peredo Jimi Joe", "PR3 Segundita Torrico Peredo Jimi Joe\PR3 Segundita Torrico Peredo Jimi Joe.csproj", "{D7080BDE-574D-4DC9-808D-530F1CD7892B}"
EndProject
Global
	GlobalSection(SolutionConfigurationPlatforms) = preSolution
		Debug|Any CPU = Debug|Any CPU
		Release|Any CPU = Release|Any CPU
	EndGlobalSection
	GlobalSection(ProjectConfigurationPlatforms) = postSolution
		{D7080BDE-574D-4DC9-808D-530F1CD7892B}.Debug|Any CPU.ActiveCfg = Debug|Any CPU
		{D7080BDE-574D-4DC9-808D-530F1CD7892B}.Debug|Any CPU.Build.0 = Debug|Any CPU
		{D7080BDE-574D-4DC9-808D-530F1CD7892B}.Release|Any CPU.ActiveCfg = Release|Any CPU
		{D7080BDE-574D-4DC9-808D-530F1CD7892B}.Release|Any CPU.Build.0 = Release|Any CPU
	EndGlobalSection
	GlobalSection(SolutionProperties) = preSolution
		HideSolutionNode = FALSE
	EndGlobalSection
EndGlobal
