
Microsoft Visual Studio Solution File, Format Version 12.00
# Visual Studio 14
VisualStudioVersion = 14.0.25420.1
MinimumVisualStudioVersion = 10.0.40219.1
Project("{FAE04EC0-301F-11D3-BF4B-00C04F79EFBC}") = "Contador", "Contador\Contador.csproj", "{6CFDDB6D-E4B4-4535-949A-9861E3E6D8CD}"
EndProject
Project("{FAE04EC0-301F-11D3-BF4B-00C04F79EFBC}") = "Contador2", "Contador2\Contador2.csproj", "{1C6657B9-F548-48C9-A602-ED562203A12F}"
EndProject
Global
	GlobalSection(SolutionConfigurationPlatforms) = preSolution
		Debug|Any CPU = Debug|Any CPU
		Release|Any CPU = Release|Any CPU
	EndGlobalSection
	GlobalSection(ProjectConfigurationPlatforms) = postSolution
		{6CFDDB6D-E4B4-4535-949A-9861E3E6D8CD}.Debug|Any CPU.ActiveCfg = Debug|Any CPU
		{6CFDDB6D-E4B4-4535-949A-9861E3E6D8CD}.Debug|Any CPU.Build.0 = Debug|Any CPU
		{6CFDDB6D-E4B4-4535-949A-9861E3E6D8CD}.Release|Any CPU.ActiveCfg = Release|Any CPU
		{6CFDDB6D-E4B4-4535-949A-9861E3E6D8CD}.Release|Any CPU.Build.0 = Release|Any CPU
		{1C6657B9-F548-48C9-A602-ED562203A12F}.Debug|Any CPU.ActiveCfg = Debug|Any CPU
		{1C6657B9-F548-48C9-A602-ED562203A12F}.Debug|Any CPU.Build.0 = Debug|Any CPU
		{1C6657B9-F548-48C9-A602-ED562203A12F}.Release|Any CPU.ActiveCfg = Release|Any CPU
		{1C6657B9-F548-48C9-A602-ED562203A12F}.Release|Any CPU.Build.0 = Release|Any CPU
	EndGlobalSection
	GlobalSection(SolutionProperties) = preSolution
		HideSolutionNode = FALSE
	EndGlobalSection
EndGlobal
